
Microsoft Visual Studio Solution File, Format Version 12.00
# Visual Studio Version 17
VisualStudioVersion = 17.3.32825.248
MinimumVisualStudioVersion = 10.0.40219.1
Project("{FAE04EC0-301F-11D3-BF4B-00C04F79EFBC}") = "Laborator 17 - Exercitiu", "Laborator 17 - Exercitiu\Laborator 17 - Exercitiu.csproj", "{FDF7A2FF-05AC-4F68-9831-FBB80310AAD9}"
EndProject
Global
	GlobalSection(SolutionConfigurationPlatforms) = preSolution
		Debug|Any CPU = Debug|Any CPU
		Release|Any CPU = Release|Any CPU
	EndGlobalSection
	GlobalSection(ProjectConfigurationPlatforms) = postSolution
		{FDF7A2FF-05AC-4F68-9831-FBB80310AAD9}.Debug|Any CPU.ActiveCfg = Debug|Any CPU
		{FDF7A2FF-05AC-4F68-9831-FBB80310AAD9}.Debug|Any CPU.Build.0 = Debug|Any CPU
		{FDF7A2FF-05AC-4F68-9831-FBB80310AAD9}.Release|Any CPU.ActiveCfg = Release|Any CPU
		{FDF7A2FF-05AC-4F68-9831-FBB80310AAD9}.Release|Any CPU.Build.0 = Release|Any CPU
	EndGlobalSection
	GlobalSection(SolutionProperties) = preSolution
		HideSolutionNode = FALSE
	EndGlobalSection
	GlobalSection(ExtensibilityGlobals) = postSolution
		SolutionGuid = {2BDECCFF-8A0D-4E61-9524-912D44FEF9A4}
	EndGlobalSection
EndGlobal
